
Microsoft Visual Studio Solution File, Format Version 12.00
# Visual Studio Version 16
VisualStudioVersion = 16.0.29424.173
MinimumVisualStudioVersion = 10.0.40219.1
Project("{FAE04EC0-301F-11D3-BF4B-00C04F79EFBC}") = "01. Reverse Strings", "01. Reverse Strings\01. Reverse Strings.csproj", "{CFFB215E-2E3F-4FA8-9737-0B5020C0F527}"
EndProject
Project("{FAE04EC0-301F-11D3-BF4B-00C04F79EFBC}") = "02.Repeated string", "02.Repeated string\02.Repeated string.csproj", "{64660134-F359-4D9F-8C4B-4F0FB8AAA3D5}"
EndProject
Project("{FAE04EC0-301F-11D3-BF4B-00C04F79EFBC}") = "03. Substring", "03. Substring\03. Substring.csproj", "{E2B933A3-5638-4458-A889-EB2160E56C46}"
EndProject
Project("{FAE04EC0-301F-11D3-BF4B-00C04F79EFBC}") = "04. Text Filter", "04. Text Filter\04. Text Filter.csproj", "{AA143751-04B7-4013-AF05-E980A84125AA}"
EndProject
Project("{FAE04EC0-301F-11D3-BF4B-00C04F79EFBC}") = "05. Digits, Letters and Other", "05. Digits, Letters and Other\05. Digits, Letters and Other.csproj", "{3804B728-27B9-4ECD-8EBF-4AD07A59338A}"
EndProject
Global
	GlobalSection(SolutionConfigurationPlatforms) = preSolution
		Debug|Any CPU = Debug|Any CPU
		Release|Any CPU = Release|Any CPU
	EndGlobalSection
	GlobalSection(ProjectConfigurationPlatforms) = postSolution
		{CFFB215E-2E3F-4FA8-9737-0B5020C0F527}.Debug|Any CPU.ActiveCfg = Debug|Any CPU
		{CFFB215E-2E3F-4FA8-9737-0B5020C0F527}.Debug|Any CPU.Build.0 = Debug|Any CPU
		{CFFB215E-2E3F-4FA8-9737-0B5020C0F527}.Release|Any CPU.ActiveCfg = Release|Any CPU
		{CFFB215E-2E3F-4FA8-9737-0B5020C0F527}.Release|Any CPU.Build.0 = Release|Any CPU
		{64660134-F359-4D9F-8C4B-4F0FB8AAA3D5}.Debug|Any CPU.ActiveCfg = Debug|Any CPU
		{64660134-F359-4D9F-8C4B-4F0FB8AAA3D5}.Debug|Any CPU.Build.0 = Debug|Any CPU
		{64660134-F359-4D9F-8C4B-4F0FB8AAA3D5}.Release|Any CPU.ActiveCfg = Release|Any CPU
		{64660134-F359-4D9F-8C4B-4F0FB8AAA3D5}.Release|Any CPU.Build.0 = Release|Any CPU
		{E2B933A3-5638-4458-A889-EB2160E56C46}.Debug|Any CPU.ActiveCfg = Debug|Any CPU
		{E2B933A3-5638-4458-A889-EB2160E56C46}.Debug|Any CPU.Build.0 = Debug|Any CPU
		{E2B933A3-5638-4458-A889-EB2160E56C46}.Release|Any CPU.ActiveCfg = Release|Any CPU
		{E2B933A3-5638-4458-A889-EB2160E56C46}.Release|Any CPU.Build.0 = Release|Any CPU
		{AA143751-04B7-4013-AF05-E980A84125AA}.Debug|Any CPU.ActiveCfg = Debug|Any CPU
		{AA143751-04B7-4013-AF05-E980A84125AA}.Debug|Any CPU.Build.0 = Debug|Any CPU
		{AA143751-04B7-4013-AF05-E980A84125AA}.Release|Any CPU.ActiveCfg = Release|Any CPU
		{AA143751-04B7-4013-AF05-E980A84125AA}.Release|Any CPU.Build.0 = Release|Any CPU
		{3804B728-27B9-4ECD-8EBF-4AD07A59338A}.Debug|Any CPU.ActiveCfg = Debug|Any CPU
		{3804B728-27B9-4ECD-8EBF-4AD07A59338A}.Debug|Any CPU.Build.0 = Debug|Any CPU
		{3804B728-27B9-4ECD-8EBF-4AD07A59338A}.Release|Any CPU.ActiveCfg = Release|Any CPU
		{3804B728-27B9-4ECD-8EBF-4AD07A59338A}.Release|Any CPU.Build.0 = Release|Any CPU
	EndGlobalSection
	GlobalSection(SolutionProperties) = preSolution
		HideSolutionNode = FALSE
	EndGlobalSection
	GlobalSection(ExtensibilityGlobals) = postSolution
		SolutionGuid = {9FE551EE-9859-40D6-B2D2-85511CE378A9}
	EndGlobalSection
EndGlobal
