
Microsoft Visual Studio Solution File, Format Version 12.00
# Visual Studio Version 16
VisualStudioVersion = 16.0.29424.173
MinimumVisualStudioVersion = 10.0.40219.1
Project("{FAE04EC0-301F-11D3-BF4B-00C04F79EFBC}") = "Aquarium", "Aquarium\Aquarium.csproj", "{9F1A7DD5-BD33-4E93-915E-B0D89B9CFE1F}"
EndProject
Project("{FAE04EC0-301F-11D3-BF4B-00C04F79EFBC}") = "FishTime", "FishTime\FishTime.csproj", "{E5CEC24A-58B9-49EB-A691-28BB711FE1F9}"
EndProject
Global
	GlobalSection(SolutionConfigurationPlatforms) = preSolution
		Debug|Any CPU = Debug|Any CPU
		Release|Any CPU = Release|Any CPU
	EndGlobalSection
	GlobalSection(ProjectConfigurationPlatforms) = postSolution
		{9F1A7DD5-BD33-4E93-915E-B0D89B9CFE1F}.Debug|Any CPU.ActiveCfg = Debug|Any CPU
		{9F1A7DD5-BD33-4E93-915E-B0D89B9CFE1F}.Debug|Any CPU.Build.0 = Debug|Any CPU
		{9F1A7DD5-BD33-4E93-915E-B0D89B9CFE1F}.Release|Any CPU.ActiveCfg = Release|Any CPU
		{9F1A7DD5-BD33-4E93-915E-B0D89B9CFE1F}.Release|Any CPU.Build.0 = Release|Any CPU
		{E5CEC24A-58B9-49EB-A691-28BB711FE1F9}.Debug|Any CPU.ActiveCfg = Debug|Any CPU
		{E5CEC24A-58B9-49EB-A691-28BB711FE1F9}.Debug|Any CPU.Build.0 = Debug|Any CPU
		{E5CEC24A-58B9-49EB-A691-28BB711FE1F9}.Release|Any CPU.ActiveCfg = Release|Any CPU
		{E5CEC24A-58B9-49EB-A691-28BB711FE1F9}.Release|Any CPU.Build.0 = Release|Any CPU
	EndGlobalSection
	GlobalSection(SolutionProperties) = preSolution
		HideSolutionNode = FALSE
	EndGlobalSection
	GlobalSection(ExtensibilityGlobals) = postSolution
		SolutionGuid = {724986C1-C15E-4733-9543-8D8256C6B4B6}
	EndGlobalSection
EndGlobal
