
Microsoft Visual Studio Solution File, Format Version 12.00
# Visual Studio Version 16
VisualStudioVersion = 16.0.29424.173
MinimumVisualStudioVersion = 10.0.40219.1
Project("{FAE04EC0-301F-11D3-BF4B-00C04F79EFBC}") = "RectangleArea", "RectangleArea\RectangleArea.csproj", "{4331E750-B44B-4CB3-B42C-3807CCD516A9}"
EndProject
Global
	GlobalSection(SolutionConfigurationPlatforms) = preSolution
		Debug|Any CPU = Debug|Any CPU
		Release|Any CPU = Release|Any CPU
	EndGlobalSection
	GlobalSection(ProjectConfigurationPlatforms) = postSolution
		{4331E750-B44B-4CB3-B42C-3807CCD516A9}.Debug|Any CPU.ActiveCfg = Debug|Any CPU
		{4331E750-B44B-4CB3-B42C-3807CCD516A9}.Debug|Any CPU.Build.0 = Debug|Any CPU
		{4331E750-B44B-4CB3-B42C-3807CCD516A9}.Release|Any CPU.ActiveCfg = Release|Any CPU
		{4331E750-B44B-4CB3-B42C-3807CCD516A9}.Release|Any CPU.Build.0 = Release|Any CPU
	EndGlobalSection
	GlobalSection(SolutionProperties) = preSolution
		HideSolutionNode = FALSE
	EndGlobalSection
	GlobalSection(ExtensibilityGlobals) = postSolution
		SolutionGuid = {FF6B0288-F87A-4270-AD11-3072E78E8415}
	EndGlobalSection
EndGlobal
