
Microsoft Visual Studio Solution File, Format Version 12.00
# Visual Studio Version 16
VisualStudioVersion = 16.0.29424.173
MinimumVisualStudioVersion = 10.0.40219.1
Project("{FAE04EC0-301F-11D3-BF4B-00C04F79EFBC}") = "03", "Изпит\03.csproj", "{B6E59BE0-DEF4-4500-8CD7-802D9AED6E50}"
EndProject
Project("{FAE04EC0-301F-11D3-BF4B-00C04F79EFBC}") = "01", "01\01.csproj", "{77EF25E3-A632-46FC-BC4F-AADFEE028495}"
EndProject
Project("{FAE04EC0-301F-11D3-BF4B-00C04F79EFBC}") = "02", "02\02.csproj", "{1CA4DFAC-647E-4DC6-B20A-2AEA6BD3B0C4}"
EndProject
Project("{FAE04EC0-301F-11D3-BF4B-00C04F79EFBC}") = "04", "04\04.csproj", "{42DC3A05-0F16-4A0F-955C-8E333E63163B}"
EndProject
Project("{FAE04EC0-301F-11D3-BF4B-00C04F79EFBC}") = "05", "05\05.csproj", "{E96F5D79-91A4-4FCD-B174-0687AB3D2F88}"
EndProject
Project("{FAE04EC0-301F-11D3-BF4B-00C04F79EFBC}") = "06", "06\06.csproj", "{83490B3B-82EA-419A-9901-0ACA3CCFC78B}"
EndProject
Global
	GlobalSection(SolutionConfigurationPlatforms) = preSolution
		Debug|Any CPU = Debug|Any CPU
		Release|Any CPU = Release|Any CPU
	EndGlobalSection
	GlobalSection(ProjectConfigurationPlatforms) = postSolution
		{B6E59BE0-DEF4-4500-8CD7-802D9AED6E50}.Debug|Any CPU.ActiveCfg = Debug|Any CPU
		{B6E59BE0-DEF4-4500-8CD7-802D9AED6E50}.Debug|Any CPU.Build.0 = Debug|Any CPU
		{B6E59BE0-DEF4-4500-8CD7-802D9AED6E50}.Release|Any CPU.ActiveCfg = Release|Any CPU
		{B6E59BE0-DEF4-4500-8CD7-802D9AED6E50}.Release|Any CPU.Build.0 = Release|Any CPU
		{77EF25E3-A632-46FC-BC4F-AADFEE028495}.Debug|Any CPU.ActiveCfg = Debug|Any CPU
		{77EF25E3-A632-46FC-BC4F-AADFEE028495}.Debug|Any CPU.Build.0 = Debug|Any CPU
		{77EF25E3-A632-46FC-BC4F-AADFEE028495}.Release|Any CPU.ActiveCfg = Release|Any CPU
		{77EF25E3-A632-46FC-BC4F-AADFEE028495}.Release|Any CPU.Build.0 = Release|Any CPU
		{1CA4DFAC-647E-4DC6-B20A-2AEA6BD3B0C4}.Debug|Any CPU.ActiveCfg = Debug|Any CPU
		{1CA4DFAC-647E-4DC6-B20A-2AEA6BD3B0C4}.Debug|Any CPU.Build.0 = Debug|Any CPU
		{1CA4DFAC-647E-4DC6-B20A-2AEA6BD3B0C4}.Release|Any CPU.ActiveCfg = Release|Any CPU
		{1CA4DFAC-647E-4DC6-B20A-2AEA6BD3B0C4}.Release|Any CPU.Build.0 = Release|Any CPU
		{42DC3A05-0F16-4A0F-955C-8E333E63163B}.Debug|Any CPU.ActiveCfg = Debug|Any CPU
		{42DC3A05-0F16-4A0F-955C-8E333E63163B}.Debug|Any CPU.Build.0 = Debug|Any CPU
		{42DC3A05-0F16-4A0F-955C-8E333E63163B}.Release|Any CPU.ActiveCfg = Release|Any CPU
		{42DC3A05-0F16-4A0F-955C-8E333E63163B}.Release|Any CPU.Build.0 = Release|Any CPU
		{E96F5D79-91A4-4FCD-B174-0687AB3D2F88}.Debug|Any CPU.ActiveCfg = Debug|Any CPU
		{E96F5D79-91A4-4FCD-B174-0687AB3D2F88}.Debug|Any CPU.Build.0 = Debug|Any CPU
		{E96F5D79-91A4-4FCD-B174-0687AB3D2F88}.Release|Any CPU.ActiveCfg = Release|Any CPU
		{E96F5D79-91A4-4FCD-B174-0687AB3D2F88}.Release|Any CPU.Build.0 = Release|Any CPU
		{83490B3B-82EA-419A-9901-0ACA3CCFC78B}.Debug|Any CPU.ActiveCfg = Debug|Any CPU
		{83490B3B-82EA-419A-9901-0ACA3CCFC78B}.Debug|Any CPU.Build.0 = Debug|Any CPU
		{83490B3B-82EA-419A-9901-0ACA3CCFC78B}.Release|Any CPU.ActiveCfg = Release|Any CPU
		{83490B3B-82EA-419A-9901-0ACA3CCFC78B}.Release|Any CPU.Build.0 = Release|Any CPU
	EndGlobalSection
	GlobalSection(SolutionProperties) = preSolution
		HideSolutionNode = FALSE
	EndGlobalSection
	GlobalSection(ExtensibilityGlobals) = postSolution
		SolutionGuid = {17C89CF6-818B-4B5A-85D7-8BE1296DF5D3}
	EndGlobalSection
EndGlobal
