
Microsoft Visual Studio Solution File, Format Version 12.00
# Visual Studio Version 16
VisualStudioVersion = 16.0.29424.173
MinimumVisualStudioVersion = 10.0.40219.1
Project("{FAE04EC0-301F-11D3-BF4B-00C04F79EFBC}") = "Squareofstars", "Squareofstars\Squareofstars.csproj", "{BA197631-54D6-4587-B7A0-2CEF283BCF6D}"
EndProject
Global
	GlobalSection(SolutionConfigurationPlatforms) = preSolution
		Debug|Any CPU = Debug|Any CPU
		Release|Any CPU = Release|Any CPU
	EndGlobalSection
	GlobalSection(ProjectConfigurationPlatforms) = postSolution
		{BA197631-54D6-4587-B7A0-2CEF283BCF6D}.Debug|Any CPU.ActiveCfg = Debug|Any CPU
		{BA197631-54D6-4587-B7A0-2CEF283BCF6D}.Debug|Any CPU.Build.0 = Debug|Any CPU
		{BA197631-54D6-4587-B7A0-2CEF283BCF6D}.Release|Any CPU.ActiveCfg = Release|Any CPU
		{BA197631-54D6-4587-B7A0-2CEF283BCF6D}.Release|Any CPU.Build.0 = Release|Any CPU
	EndGlobalSection
	GlobalSection(SolutionProperties) = preSolution
		HideSolutionNode = FALSE
	EndGlobalSection
	GlobalSection(ExtensibilityGlobals) = postSolution
		SolutionGuid = {7A16F610-5122-4C91-9EF3-56D3052C86CA}
	EndGlobalSection
EndGlobal
