
Microsoft Visual Studio Solution File, Format Version 12.00
# Visual Studio Version 16
VisualStudioVersion = 16.0.29424.173
MinimumVisualStudioVersion = 10.0.40219.1
Project("{FAE04EC0-301F-11D3-BF4B-00C04F79EFBC}") = "Greetings by name", "Greetings by name\Greetings by name.csproj", "{30A48296-68D1-4521-8EE8-B811611915F4}"
EndProject
Global
	GlobalSection(SolutionConfigurationPlatforms) = preSolution
		Debug|Any CPU = Debug|Any CPU
		Release|Any CPU = Release|Any CPU
	EndGlobalSection
	GlobalSection(ProjectConfigurationPlatforms) = postSolution
		{30A48296-68D1-4521-8EE8-B811611915F4}.Debug|Any CPU.ActiveCfg = Debug|Any CPU
		{30A48296-68D1-4521-8EE8-B811611915F4}.Debug|Any CPU.Build.0 = Debug|Any CPU
		{30A48296-68D1-4521-8EE8-B811611915F4}.Release|Any CPU.ActiveCfg = Release|Any CPU
		{30A48296-68D1-4521-8EE8-B811611915F4}.Release|Any CPU.Build.0 = Release|Any CPU
	EndGlobalSection
	GlobalSection(SolutionProperties) = preSolution
		HideSolutionNode = FALSE
	EndGlobalSection
	GlobalSection(ExtensibilityGlobals) = postSolution
		SolutionGuid = {5C9F9D70-A23D-4EC6-BC34-D8C473B63215}
	EndGlobalSection
EndGlobal
