
Microsoft Visual Studio Solution File, Format Version 12.00
# Visual Studio Version 16
VisualStudioVersion = 16.0.29424.173
MinimumVisualStudioVersion = 10.0.40219.1
Project("{FAE04EC0-301F-11D3-BF4B-00C04F79EFBC}") = "Lection2", "Lection2\Lection2.csproj", "{6E565729-0052-490E-B71E-9A3A4AC582C5}"
EndProject
Global
	GlobalSection(SolutionConfigurationPlatforms) = preSolution
		Debug|Any CPU = Debug|Any CPU
		Release|Any CPU = Release|Any CPU
	EndGlobalSection
	GlobalSection(ProjectConfigurationPlatforms) = postSolution
		{6E565729-0052-490E-B71E-9A3A4AC582C5}.Debug|Any CPU.ActiveCfg = Debug|Any CPU
		{6E565729-0052-490E-B71E-9A3A4AC582C5}.Debug|Any CPU.Build.0 = Debug|Any CPU
		{6E565729-0052-490E-B71E-9A3A4AC582C5}.Release|Any CPU.ActiveCfg = Release|Any CPU
		{6E565729-0052-490E-B71E-9A3A4AC582C5}.Release|Any CPU.Build.0 = Release|Any CPU
	EndGlobalSection
	GlobalSection(SolutionProperties) = preSolution
		HideSolutionNode = FALSE
	EndGlobalSection
	GlobalSection(ExtensibilityGlobals) = postSolution
		SolutionGuid = {F82F5886-AA7D-4968-A15F-F8880A91F6C3}
	EndGlobalSection
EndGlobal
