
Microsoft Visual Studio Solution File, Format Version 12.00
# Visual Studio Version 16
VisualStudioVersion = 16.0.29424.173
MinimumVisualStudioVersion = 10.0.40219.1
Project("{FAE04EC0-301F-11D3-BF4B-00C04F79EFBC}") = "01. Nikulden’s Charity", "01. Nikulden’s Charity\01. Nikulden’s Charity.csproj", "{68D31C75-FFFD-492A-B474-BD298B5B134B}"
EndProject
Global
	GlobalSection(SolutionConfigurationPlatforms) = preSolution
		Debug|Any CPU = Debug|Any CPU
		Release|Any CPU = Release|Any CPU
	EndGlobalSection
	GlobalSection(ProjectConfigurationPlatforms) = postSolution
		{68D31C75-FFFD-492A-B474-BD298B5B134B}.Debug|Any CPU.ActiveCfg = Debug|Any CPU
		{68D31C75-FFFD-492A-B474-BD298B5B134B}.Debug|Any CPU.Build.0 = Debug|Any CPU
		{68D31C75-FFFD-492A-B474-BD298B5B134B}.Release|Any CPU.ActiveCfg = Release|Any CPU
		{68D31C75-FFFD-492A-B474-BD298B5B134B}.Release|Any CPU.Build.0 = Release|Any CPU
	EndGlobalSection
	GlobalSection(SolutionProperties) = preSolution
		HideSolutionNode = FALSE
	EndGlobalSection
	GlobalSection(ExtensibilityGlobals) = postSolution
		SolutionGuid = {365E4E68-49E9-4165-94A4-8266C00C3F66}
	EndGlobalSection
EndGlobal
