
Microsoft Visual Studio Solution File, Format Version 12.00
# Visual Studio Version 16
VisualStudioVersion = 16.0.29424.173
MinimumVisualStudioVersion = 10.0.40219.1
Project("{FAE04EC0-301F-11D3-BF4B-00C04F79EFBC}") = "Expression", "Expression\Expression.csproj", "{6FFA42FF-531D-4290-BB74-26735DA09CBE}"
EndProject
Global
	GlobalSection(SolutionConfigurationPlatforms) = preSolution
		Debug|Any CPU = Debug|Any CPU
		Release|Any CPU = Release|Any CPU
	EndGlobalSection
	GlobalSection(ProjectConfigurationPlatforms) = postSolution
		{6FFA42FF-531D-4290-BB74-26735DA09CBE}.Debug|Any CPU.ActiveCfg = Debug|Any CPU
		{6FFA42FF-531D-4290-BB74-26735DA09CBE}.Debug|Any CPU.Build.0 = Debug|Any CPU
		{6FFA42FF-531D-4290-BB74-26735DA09CBE}.Release|Any CPU.ActiveCfg = Release|Any CPU
		{6FFA42FF-531D-4290-BB74-26735DA09CBE}.Release|Any CPU.Build.0 = Release|Any CPU
	EndGlobalSection
	GlobalSection(SolutionProperties) = preSolution
		HideSolutionNode = FALSE
	EndGlobalSection
	GlobalSection(ExtensibilityGlobals) = postSolution
		SolutionGuid = {CFEBAA4F-B51D-44B5-AAF1-C564F24DF420}
	EndGlobalSection
EndGlobal
