
Microsoft Visual Studio Solution File, Format Version 12.00
# Visual Studio Version 16
VisualStudioVersion = 16.0.29424.173
MinimumVisualStudioVersion = 10.0.40219.1
Project("{FAE04EC0-301F-11D3-BF4B-00C04F79EFBC}") = "01", "01\01.csproj", "{D5433E63-645D-4707-9237-D494A8558B74}"
EndProject
Project("{FAE04EC0-301F-11D3-BF4B-00C04F79EFBC}") = "02", "02\02.csproj", "{49D67ECD-D54F-47AD-AD55-4A8491A9A888}"
EndProject
Project("{FAE04EC0-301F-11D3-BF4B-00C04F79EFBC}") = "03", "03\03.csproj", "{8D1C39CD-879C-44D0-BFBC-2025F8C6F63A}"
EndProject
Project("{FAE04EC0-301F-11D3-BF4B-00C04F79EFBC}") = "04", "04\04.csproj", "{90E94FD5-CB52-43D7-9CB4-67D10A573698}"
EndProject
Project("{FAE04EC0-301F-11D3-BF4B-00C04F79EFBC}") = "05", "05\05.csproj", "{53AFC419-0D15-4FC2-B68A-BF4FFD03C29A}"
EndProject
Project("{FAE04EC0-301F-11D3-BF4B-00C04F79EFBC}") = "06", "06\06.csproj", "{4374B9D5-FCFC-44D4-B150-15664306B3C7}"
EndProject
Project("{FAE04EC0-301F-11D3-BF4B-00C04F79EFBC}") = "07", "07\07.csproj", "{6CD7F691-6556-4796-8170-2BDF1951CE90}"
EndProject
Project("{FAE04EC0-301F-11D3-BF4B-00C04F79EFBC}") = "08", "08\08.csproj", "{2AB494AE-7B10-4225-8D58-CC5E69DC4BAD}"
EndProject
Project("{FAE04EC0-301F-11D3-BF4B-00C04F79EFBC}") = "09", "09\09.csproj", "{F0B87F0F-C8C6-4D1D-BAC1-0CF3FB1CF6B4}"
EndProject
Project("{FAE04EC0-301F-11D3-BF4B-00C04F79EFBC}") = "10", "10\10.csproj", "{087D8E61-9F4A-4D08-83B4-026B3C856E06}"
EndProject
Project("{FAE04EC0-301F-11D3-BF4B-00C04F79EFBC}") = "11", "11\11.csproj", "{DB177BB6-B56D-488B-8908-6FEE741F89B2}"
EndProject
Global
	GlobalSection(SolutionConfigurationPlatforms) = preSolution
		Debug|Any CPU = Debug|Any CPU
		Release|Any CPU = Release|Any CPU
	EndGlobalSection
	GlobalSection(ProjectConfigurationPlatforms) = postSolution
		{D5433E63-645D-4707-9237-D494A8558B74}.Debug|Any CPU.ActiveCfg = Debug|Any CPU
		{D5433E63-645D-4707-9237-D494A8558B74}.Debug|Any CPU.Build.0 = Debug|Any CPU
		{D5433E63-645D-4707-9237-D494A8558B74}.Release|Any CPU.ActiveCfg = Release|Any CPU
		{D5433E63-645D-4707-9237-D494A8558B74}.Release|Any CPU.Build.0 = Release|Any CPU
		{49D67ECD-D54F-47AD-AD55-4A8491A9A888}.Debug|Any CPU.ActiveCfg = Debug|Any CPU
		{49D67ECD-D54F-47AD-AD55-4A8491A9A888}.Debug|Any CPU.Build.0 = Debug|Any CPU
		{49D67ECD-D54F-47AD-AD55-4A8491A9A888}.Release|Any CPU.ActiveCfg = Release|Any CPU
		{49D67ECD-D54F-47AD-AD55-4A8491A9A888}.Release|Any CPU.Build.0 = Release|Any CPU
		{8D1C39CD-879C-44D0-BFBC-2025F8C6F63A}.Debug|Any CPU.ActiveCfg = Debug|Any CPU
		{8D1C39CD-879C-44D0-BFBC-2025F8C6F63A}.Debug|Any CPU.Build.0 = Debug|Any CPU
		{8D1C39CD-879C-44D0-BFBC-2025F8C6F63A}.Release|Any CPU.ActiveCfg = Release|Any CPU
		{8D1C39CD-879C-44D0-BFBC-2025F8C6F63A}.Release|Any CPU.Build.0 = Release|Any CPU
		{90E94FD5-CB52-43D7-9CB4-67D10A573698}.Debug|Any CPU.ActiveCfg = Debug|Any CPU
		{90E94FD5-CB52-43D7-9CB4-67D10A573698}.Debug|Any CPU.Build.0 = Debug|Any CPU
		{90E94FD5-CB52-43D7-9CB4-67D10A573698}.Release|Any CPU.ActiveCfg = Release|Any CPU
		{90E94FD5-CB52-43D7-9CB4-67D10A573698}.Release|Any CPU.Build.0 = Release|Any CPU
		{53AFC419-0D15-4FC2-B68A-BF4FFD03C29A}.Debug|Any CPU.ActiveCfg = Debug|Any CPU
		{53AFC419-0D15-4FC2-B68A-BF4FFD03C29A}.Debug|Any CPU.Build.0 = Debug|Any CPU
		{53AFC419-0D15-4FC2-B68A-BF4FFD03C29A}.Release|Any CPU.ActiveCfg = Release|Any CPU
		{53AFC419-0D15-4FC2-B68A-BF4FFD03C29A}.Release|Any CPU.Build.0 = Release|Any CPU
		{4374B9D5-FCFC-44D4-B150-15664306B3C7}.Debug|Any CPU.ActiveCfg = Debug|Any CPU
		{4374B9D5-FCFC-44D4-B150-15664306B3C7}.Debug|Any CPU.Build.0 = Debug|Any CPU
		{4374B9D5-FCFC-44D4-B150-15664306B3C7}.Release|Any CPU.ActiveCfg = Release|Any CPU
		{4374B9D5-FCFC-44D4-B150-15664306B3C7}.Release|Any CPU.Build.0 = Release|Any CPU
		{6CD7F691-6556-4796-8170-2BDF1951CE90}.Debug|Any CPU.ActiveCfg = Debug|Any CPU
		{6CD7F691-6556-4796-8170-2BDF1951CE90}.Debug|Any CPU.Build.0 = Debug|Any CPU
		{6CD7F691-6556-4796-8170-2BDF1951CE90}.Release|Any CPU.ActiveCfg = Release|Any CPU
		{6CD7F691-6556-4796-8170-2BDF1951CE90}.Release|Any CPU.Build.0 = Release|Any CPU
		{2AB494AE-7B10-4225-8D58-CC5E69DC4BAD}.Debug|Any CPU.ActiveCfg = Debug|Any CPU
		{2AB494AE-7B10-4225-8D58-CC5E69DC4BAD}.Debug|Any CPU.Build.0 = Debug|Any CPU
		{2AB494AE-7B10-4225-8D58-CC5E69DC4BAD}.Release|Any CPU.ActiveCfg = Release|Any CPU
		{2AB494AE-7B10-4225-8D58-CC5E69DC4BAD}.Release|Any CPU.Build.0 = Release|Any CPU
		{F0B87F0F-C8C6-4D1D-BAC1-0CF3FB1CF6B4}.Debug|Any CPU.ActiveCfg = Debug|Any CPU
		{F0B87F0F-C8C6-4D1D-BAC1-0CF3FB1CF6B4}.Debug|Any CPU.Build.0 = Debug|Any CPU
		{F0B87F0F-C8C6-4D1D-BAC1-0CF3FB1CF6B4}.Release|Any CPU.ActiveCfg = Release|Any CPU
		{F0B87F0F-C8C6-4D1D-BAC1-0CF3FB1CF6B4}.Release|Any CPU.Build.0 = Release|Any CPU
		{087D8E61-9F4A-4D08-83B4-026B3C856E06}.Debug|Any CPU.ActiveCfg = Debug|Any CPU
		{087D8E61-9F4A-4D08-83B4-026B3C856E06}.Debug|Any CPU.Build.0 = Debug|Any CPU
		{087D8E61-9F4A-4D08-83B4-026B3C856E06}.Release|Any CPU.ActiveCfg = Release|Any CPU
		{087D8E61-9F4A-4D08-83B4-026B3C856E06}.Release|Any CPU.Build.0 = Release|Any CPU
		{DB177BB6-B56D-488B-8908-6FEE741F89B2}.Debug|Any CPU.ActiveCfg = Debug|Any CPU
		{DB177BB6-B56D-488B-8908-6FEE741F89B2}.Debug|Any CPU.Build.0 = Debug|Any CPU
		{DB177BB6-B56D-488B-8908-6FEE741F89B2}.Release|Any CPU.ActiveCfg = Release|Any CPU
		{DB177BB6-B56D-488B-8908-6FEE741F89B2}.Release|Any CPU.Build.0 = Release|Any CPU
	EndGlobalSection
	GlobalSection(SolutionProperties) = preSolution
		HideSolutionNode = FALSE
	EndGlobalSection
	GlobalSection(ExtensibilityGlobals) = postSolution
		SolutionGuid = {124A6A2E-8A5F-4AD1-A850-E412E7A0C785}
	EndGlobalSection
EndGlobal
